Microsoft Visual Studio Solution File, Format Version 11.00
# Visual Studio 2008

Project("{4103D5D7-4D4B-B789-3BB3-4FE07ADE7CAC}") = "Buoyancy1", "Assembly-CSharp-firstpass-vs.csproj", "{33ACE0A0-D5AF-6C9D-C350-B6FB3AF2304C}"
EndProject
Project("{4103D5D7-4D4B-B789-3BB3-4FE07ADE7CAC}") = "Buoyancy1", "Assembly-CSharp-vs.csproj", "{A70A92C6-0F09-9AC5-D200-431B5644047B}"
EndProject
Project("{4103D5D7-4D4B-B789-3BB3-4FE07ADE7CAC}") = "Buoyancy1", "Assembly-CSharp-Editor-vs.csproj", "{B3AAA29F-1D8D-482D-1CF0-3453972E365B}"
EndProject
Global
	GlobalSection(SolutionConfigurationPlatforms) = preSolution
		Debug|Any CPU = Debug|Any CPU
		Release|Any CPU = Release|Any CPU
	EndGlobalSection
	GlobalSection(ProjectConfigurationPlatforms) = postSolution
		{33ACE0A0-D5AF-6C9D-C350-B6FB3AF2304C}.Debug|Any CPU.ActiveCfg = Debug|Any CPU
		{33ACE0A0-D5AF-6C9D-C350-B6FB3AF2304C}.Debug|Any CPU.Build.0 = Debug|Any CPU
		{33ACE0A0-D5AF-6C9D-C350-B6FB3AF2304C}.Release|Any CPU.ActiveCfg = Release|Any CPU
		{33ACE0A0-D5AF-6C9D-C350-B6FB3AF2304C}.Release|Any CPU.Build.0 = Release|Any CPU
		{A70A92C6-0F09-9AC5-D200-431B5644047B}.Debug|Any CPU.ActiveCfg = Debug|Any CPU
		{A70A92C6-0F09-9AC5-D200-431B5644047B}.Debug|Any CPU.Build.0 = Debug|Any CPU
		{A70A92C6-0F09-9AC5-D200-431B5644047B}.Release|Any CPU.ActiveCfg = Release|Any CPU
		{A70A92C6-0F09-9AC5-D200-431B5644047B}.Release|Any CPU.Build.0 = Release|Any CPU
		{B3AAA29F-1D8D-482D-1CF0-3453972E365B}.Debug|Any CPU.ActiveCfg = Debug|Any CPU
		{B3AAA29F-1D8D-482D-1CF0-3453972E365B}.Debug|Any CPU.Build.0 = Debug|Any CPU
		{B3AAA29F-1D8D-482D-1CF0-3453972E365B}.Release|Any CPU.ActiveCfg = Release|Any CPU
		{B3AAA29F-1D8D-482D-1CF0-3453972E365B}.Release|Any CPU.Build.0 = Release|Any CPU
	EndGlobalSection
	GlobalSection(SolutionProperties) = preSolution
		HideSolutionNode = FALSE
	EndGlobalSection
															GlobalSection(MonoDevelopProperties) = preSolution
		StartupItem = Assembly-CSharp.csproj
		Policies = $0
		$0.TextStylePolicy = $1
		$1.inheritsSet = null
		$1.scope = text/x-csharp
		$0.CSharpFormattingPolicy = $2
		$2.inheritsSet = Mono
		$2.inheritsScope = text/x-csharp
		$2.scope = text/x-csharp
		$0.TextStylePolicy = $3
		$3.FileWidth = 120
		$3.TabWidth = 4
		$3.EolMarker = Unix
		$3.inheritsSet = Mono
		$3.inheritsScope = text/plain
		$3.scope = text/plain
	EndGlobalSection

EndGlobal
